
Microsoft Visual Studio Solution File, Format Version 12.00
# Visual Studio 2013
VisualStudioVersion = 12.0.30501.0
MinimumVisualStudioVersion = 10.0.40219.1
Project("{FAE04EC0-301F-11D3-BF4B-00C04F79EFBC}") = "Docomo", "Docomo\Docomo.csproj", "{45491837-D3A3-409A-968B-6535BC093EF5}"
EndProject
Project("{FAE04EC0-301F-11D3-BF4B-00C04F79EFBC}") = "CameraTest", "CameraTest\CameraTest.csproj", "{22371DEC-2EFF-423E-9A9F-CAB4BD124E1F}"
EndProject
Project("{FAE04EC0-301F-11D3-BF4B-00C04F79EFBC}") = "SerialTest", "SerialTest\SerialTest.csproj", "{9CC377FD-2F38-416C-BFBC-509780F96A4E}"
EndProject
Global
	GlobalSection(SolutionConfigurationPlatforms) = preSolution
		Debug|Any CPU = Debug|Any CPU
		Release|Any CPU = Release|Any CPU
	EndGlobalSection
	GlobalSection(ProjectConfigurationPlatforms) = postSolution
		{45491837-D3A3-409A-968B-6535BC093EF5}.Debug|Any CPU.ActiveCfg = Debug|Any CPU
		{45491837-D3A3-409A-968B-6535BC093EF5}.Debug|Any CPU.Build.0 = Debug|Any CPU
		{45491837-D3A3-409A-968B-6535BC093EF5}.Release|Any CPU.ActiveCfg = Release|Any CPU
		{45491837-D3A3-409A-968B-6535BC093EF5}.Release|Any CPU.Build.0 = Release|Any CPU
		{22371DEC-2EFF-423E-9A9F-CAB4BD124E1F}.Debug|Any CPU.ActiveCfg = Debug|Any CPU
		{22371DEC-2EFF-423E-9A9F-CAB4BD124E1F}.Debug|Any CPU.Build.0 = Debug|Any CPU
		{22371DEC-2EFF-423E-9A9F-CAB4BD124E1F}.Release|Any CPU.ActiveCfg = Release|Any CPU
		{22371DEC-2EFF-423E-9A9F-CAB4BD124E1F}.Release|Any CPU.Build.0 = Release|Any CPU
		{9CC377FD-2F38-416C-BFBC-509780F96A4E}.Debug|Any CPU.ActiveCfg = Debug|Any CPU
		{9CC377FD-2F38-416C-BFBC-509780F96A4E}.Debug|Any CPU.Build.0 = Debug|Any CPU
		{9CC377FD-2F38-416C-BFBC-509780F96A4E}.Release|Any CPU.ActiveCfg = Release|Any CPU
		{9CC377FD-2F38-416C-BFBC-509780F96A4E}.Release|Any CPU.Build.0 = Release|Any CPU
	EndGlobalSection
	GlobalSection(SolutionProperties) = preSolution
		HideSolutionNode = FALSE
	EndGlobalSection
EndGlobal
